{
  "name": "vs-code-fractal",
  "version": "1.0.0",
  "lockfileVersion": 1,
  "requires": true,
  "dependencies": {
    "@highlighted/vue-js-editor": {
      "version": "0.6.1",
      "resolved": "https://registry.npmjs.org/@highlighted/vue-js-editor/-/vue-js-editor-0.6.1.tgz",
      "integrity": "sha512-Wd3OviE+wH42ynOalBtdXQLjBkBJNmbx45OvJEmoOPfNEZvydI5mGepbcYOwz5t6693EsPdKj18ytfs+PFkq4A==",
      "requires": {
        "dom-iterator": "^1.0.0",
        "escape-html": "^1.0.3",
        "unescape": "^1.0.1"
      }
    },
    "codeprinter": {
      "version": "0.8.3",
      "resolved": "https://registry.npmjs.org/codeprinter/-/codeprinter-0.8.3.tgz",
      "integrity": "sha512-9+M4AM4yu3KiPNOcM/H4l2Yvo6s7Ib5Z89P5HCcGoHdk3SJTJ8rurdS3QzElm4IuNouAw2wlB75aQxMPhPMVJA=="
    },
    "component-props": {
      "version": "1.1.1",
      "resolved": "https://registry.npmjs.org/component-props/-/component-props-1.1.1.tgz",
      "integrity": "sha512-69pIRJs9fCCHRqCz3390YF2LV1Lu6iEMZ5zuVqqUn+G20V9BNXlMs0cWawWeW9g4Ynmg29JmkG6R7/lUJoGd1Q=="
    },
    "component-xor": {
      "version": "0.0.4",
      "resolved": "https://registry.npmjs.org/component-xor/-/component-xor-0.0.4.tgz",
      "integrity": "sha512-ZIt6sla8gfo+AFVRZoZOertcnD5LJaY2T9CKE2j13NJxQt/mUafD69Bl7/Y4AnpI2LGjiXH7cOfJDx/n2G9edA=="
    },
    "dom-iterator": {
      "version": "1.0.0",
      "resolved": "https://registry.npmjs.org/dom-iterator/-/dom-iterator-1.0.0.tgz",
      "integrity": "sha512-7dsMOQI07EMU98gQM8NSB3GsAiIeBYIPKpnxR3c9xOvdvBjChAcOM0iJ222I3p5xyiZO9e5oggkNaCusuTdYig==",
      "requires": {
        "component-props": "1.1.1",
        "component-xor": "0.0.4"
      }
    },
    "escape-html": {
      "version": "1.0.3",
      "resolved": "https://registry.npmjs.org/escape-html/-/escape-html-1.0.3.tgz",
      "integrity": "sha512-NiSupZ4OeuGwr68lGIeym/ksIZMJodUGOSCZ/FSnTxcrekbvqrgdUxlJOMpijaKZVjAJrWrGs/6Jy8OMuyj9ow=="
    },
    "extend-shallow": {
      "version": "2.0.1",
      "resolved": "https://registry.npmjs.org/extend-shallow/-/extend-shallow-2.0.1.tgz",
      "integrity": "sha512-zCnTtlxNoAiDc3gqY2aYAWFx7XWWiasuF2K8Me5WbN8otHKTUKBwjPtNpRs/rbUZm7KxWAaNj7P1a/p52GbVug==",
      "requires": {
        "is-extendable": "^0.1.0"
      }
    },
    "is-extendable": {
      "version": "0.1.1",
      "resolved": "https://registry.npmjs.org/is-extendable/-/is-extendable-0.1.1.tgz",
      "integrity": "sha512-5BMULNob1vgFX6EjQw5izWDxrecWK9AM72rugNr0TFldMOi0fj6Jk+zeKIt0xGj4cEfQIJth4w3OKWOJ4f+AFw=="
    },
    "unescape": {
      "version": "1.0.1",
      "resolved": "https://registry.npmjs.org/unescape/-/unescape-1.0.1.tgz",
      "integrity": "sha512-O0+af1Gs50lyH1nUu3ZyYS1cRh01Q/kUKatTOkSs7jukXE6/NebucDVxyiDsA9AQ4JC1V1jUH9EO8JX2nMDgGQ==",
      "requires": {
        "extend-shallow": "^2.0.1"
      }
    }
  }
}
