{
  "name": "npmUVR",
  "version": "1.0.0",
  "lockfileVersion": 1,
  "requires": true,
  "dependencies": {
    "dimbox": {
      "version": "1.0.3",
      "resolved": "https://registry.npmjs.org/dimbox/-/dimbox-1.0.3.tgz",
      "integrity": "sha512-gnqpiKs09WHMbCflpIDhnvv0n+vdHtATRssir9zx3t3K8qIWfAqRIr7J2TwgBt73r/lQSjbYrpFEy6E91cdQXw=="
    }
  }
}
